
Microsoft Visual Studio Solution File, Format Version 12.00
# Visual Studio Version 17
VisualStudioVersion = 17.7.33927.210
MinimumVisualStudioVersion = 10.0.40219.1
Project("{9A19103F-16F7-4668-BE54-9A1E7A4F7556}") = "Labs.Infrastructure", "Labs.Infrastructure\Labs.Infrastructure.csproj", "{D98EE57F-A388-4D04-85AE-CC6949644DBB}"
EndProject
Project("{9A19103F-16F7-4668-BE54-9A1E7A4F7556}") = "Labs.Domain", "Labs.Domain\Labs.Domain.csproj", "{5D17F5CC-C21D-438E-A486-3C3F5EDE5CFA}"
EndProject
Project("{2150E333-8FDC-42A3-9474-1A3956D46DE8}") = "Tests", "Tests", "{F71D4203-DDCB-4BBA-85AE-E084A853F9D6}"
EndProject
Project("{9A19103F-16F7-4668-BE54-9A1E7A4F7556}") = "Labs.Api", "Labs.Api\Labs.Api.csproj", "{84BB2E72-5F0C-4132-9B5B-82F158C8D333}"
EndProject
Project("{9A19103F-16F7-4668-BE54-9A1E7A4F7556}") = "Labs.Application", "Labs.Application\Labs.Application.csproj", "{F5216243-A813-49E8-B372-8AB5FE5322D1}"
EndProject
Project("{9A19103F-16F7-4668-BE54-9A1E7A4F7556}") = "Labs.AcceptanceTests", "Labs.AcceptanceTests\Labs.AcceptanceTests.csproj", "{E3B8AAFF-5728-4AA1-83DE-C056ABA65AB1}"
EndProject
Project("{9A19103F-16F7-4668-BE54-9A1E7A4F7556}") = "Labs.UnitTests", "Labs.UnitTests\Labs.UnitTests.csproj", "{D893F88A-38AB-4145-8A6A-83F40659FE89}"
EndProject
Project("{9A19103F-16F7-4668-BE54-9A1E7A4F7556}") = "Labs.IntegratedTests", "Labs.IntegratedTests\Labs.IntegratedTests.csproj", "{DE171606-18EB-42DA-B305-B1F35049857F}"
EndProject
Global
	GlobalSection(SolutionConfigurationPlatforms) = preSolution
		Debug|Any CPU = Debug|Any CPU
		Release|Any CPU = Release|Any CPU
	EndGlobalSection
	GlobalSection(ProjectConfigurationPlatforms) = postSolution
		{D98EE57F-A388-4D04-85AE-CC6949644DBB}.Debug|Any CPU.ActiveCfg = Debug|Any CPU
		{D98EE57F-A388-4D04-85AE-CC6949644DBB}.Debug|Any CPU.Build.0 = Debug|Any CPU
		{D98EE57F-A388-4D04-85AE-CC6949644DBB}.Release|Any CPU.ActiveCfg = Release|Any CPU
		{D98EE57F-A388-4D04-85AE-CC6949644DBB}.Release|Any CPU.Build.0 = Release|Any CPU
		{5D17F5CC-C21D-438E-A486-3C3F5EDE5CFA}.Debug|Any CPU.ActiveCfg = Debug|Any CPU
		{5D17F5CC-C21D-438E-A486-3C3F5EDE5CFA}.Debug|Any CPU.Build.0 = Debug|Any CPU
		{5D17F5CC-C21D-438E-A486-3C3F5EDE5CFA}.Release|Any CPU.ActiveCfg = Release|Any CPU
		{5D17F5CC-C21D-438E-A486-3C3F5EDE5CFA}.Release|Any CPU.Build.0 = Release|Any CPU
		{84BB2E72-5F0C-4132-9B5B-82F158C8D333}.Debug|Any CPU.ActiveCfg = Debug|Any CPU
		{84BB2E72-5F0C-4132-9B5B-82F158C8D333}.Debug|Any CPU.Build.0 = Debug|Any CPU
		{84BB2E72-5F0C-4132-9B5B-82F158C8D333}.Release|Any CPU.ActiveCfg = Release|Any CPU
		{84BB2E72-5F0C-4132-9B5B-82F158C8D333}.Release|Any CPU.Build.0 = Release|Any CPU
		{F5216243-A813-49E8-B372-8AB5FE5322D1}.Debug|Any CPU.ActiveCfg = Debug|Any CPU
		{F5216243-A813-49E8-B372-8AB5FE5322D1}.Debug|Any CPU.Build.0 = Debug|Any CPU
		{F5216243-A813-49E8-B372-8AB5FE5322D1}.Release|Any CPU.ActiveCfg = Release|Any CPU
		{F5216243-A813-49E8-B372-8AB5FE5322D1}.Release|Any CPU.Build.0 = Release|Any CPU
		{E3B8AAFF-5728-4AA1-83DE-C056ABA65AB1}.Debug|Any CPU.ActiveCfg = Debug|Any CPU
		{E3B8AAFF-5728-4AA1-83DE-C056ABA65AB1}.Debug|Any CPU.Build.0 = Debug|Any CPU
		{E3B8AAFF-5728-4AA1-83DE-C056ABA65AB1}.Release|Any CPU.ActiveCfg = Release|Any CPU
		{E3B8AAFF-5728-4AA1-83DE-C056ABA65AB1}.Release|Any CPU.Build.0 = Release|Any CPU
		{D893F88A-38AB-4145-8A6A-83F40659FE89}.Debug|Any CPU.ActiveCfg = Debug|Any CPU
		{D893F88A-38AB-4145-8A6A-83F40659FE89}.Debug|Any CPU.Build.0 = Debug|Any CPU
		{D893F88A-38AB-4145-8A6A-83F40659FE89}.Release|Any CPU.ActiveCfg = Release|Any CPU
		{D893F88A-38AB-4145-8A6A-83F40659FE89}.Release|Any CPU.Build.0 = Release|Any CPU
		{DE171606-18EB-42DA-B305-B1F35049857F}.Debug|Any CPU.ActiveCfg = Debug|Any CPU
		{DE171606-18EB-42DA-B305-B1F35049857F}.Debug|Any CPU.Build.0 = Debug|Any CPU
		{DE171606-18EB-42DA-B305-B1F35049857F}.Release|Any CPU.ActiveCfg = Release|Any CPU
		{DE171606-18EB-42DA-B305-B1F35049857F}.Release|Any CPU.Build.0 = Release|Any CPU
	EndGlobalSection
	GlobalSection(SolutionProperties) = preSolution
		HideSolutionNode = FALSE
	EndGlobalSection
	GlobalSection(NestedProjects) = preSolution
		{E3B8AAFF-5728-4AA1-83DE-C056ABA65AB1} = {F71D4203-DDCB-4BBA-85AE-E084A853F9D6}
		{D893F88A-38AB-4145-8A6A-83F40659FE89} = {F71D4203-DDCB-4BBA-85AE-E084A853F9D6}
		{DE171606-18EB-42DA-B305-B1F35049857F} = {F71D4203-DDCB-4BBA-85AE-E084A853F9D6}
	EndGlobalSection
	GlobalSection(ExtensibilityGlobals) = postSolution
		SolutionGuid = {7E154904-4418-4052-AA8A-BAE562E42EF9}
	EndGlobalSection
EndGlobal
